
Microsoft Visual Studio Solution File, Format Version 12.00
# Visual Studio Version 16
VisualStudioVersion = 16.0.31005.135
MinimumVisualStudioVersion = 10.0.40219.1
Project("{9A19103F-16F7-4668-BE54-9A1E7A4F7556}") = "HW.05.Task.1", "HW.05.Task.1\HW.05.Task.1.csproj", "{4051FA98-2AB1-4F30-9F26-B7A1A7658EE1}"
EndProject
Project("{FAE04EC0-301F-11D3-BF4B-00C04F79EFBC}") = "HW.05.Task2", "HW.05.Task2\HW.05.Task2.csproj", "{98613E05-0205-4C6F-8E83-21575203F318}"
EndProject
Project("{FAE04EC0-301F-11D3-BF4B-00C04F79EFBC}") = "HW.05.Task3", "HW.05.Task3\HW.05.Task3.csproj", "{7AC758E7-1F27-4696-A376-EC4FF6A678F9}"
EndProject
Project("{FAE04EC0-301F-11D3-BF4B-00C04F79EFBC}") = "HW.05.Task4", "HW.05.Task4\HW.05.Task4.csproj", "{8BBBAADC-0AF9-43CA-8135-81DF8049F309}"
EndProject
Global
	GlobalSection(SolutionConfigurationPlatforms) = preSolution
		Debug|Any CPU = Debug|Any CPU
		Release|Any CPU = Release|Any CPU
	EndGlobalSection
	GlobalSection(ProjectConfigurationPlatforms) = postSolution
		{4051FA98-2AB1-4F30-9F26-B7A1A7658EE1}.Debug|Any CPU.ActiveCfg = Debug|Any CPU
		{4051FA98-2AB1-4F30-9F26-B7A1A7658EE1}.Debug|Any CPU.Build.0 = Debug|Any CPU
		{4051FA98-2AB1-4F30-9F26-B7A1A7658EE1}.Release|Any CPU.ActiveCfg = Release|Any CPU
		{4051FA98-2AB1-4F30-9F26-B7A1A7658EE1}.Release|Any CPU.Build.0 = Release|Any CPU
		{98613E05-0205-4C6F-8E83-21575203F318}.Debug|Any CPU.ActiveCfg = Debug|Any CPU
		{98613E05-0205-4C6F-8E83-21575203F318}.Debug|Any CPU.Build.0 = Debug|Any CPU
		{98613E05-0205-4C6F-8E83-21575203F318}.Release|Any CPU.ActiveCfg = Release|Any CPU
		{98613E05-0205-4C6F-8E83-21575203F318}.Release|Any CPU.Build.0 = Release|Any CPU
		{7AC758E7-1F27-4696-A376-EC4FF6A678F9}.Debug|Any CPU.ActiveCfg = Debug|Any CPU
		{7AC758E7-1F27-4696-A376-EC4FF6A678F9}.Debug|Any CPU.Build.0 = Debug|Any CPU
		{7AC758E7-1F27-4696-A376-EC4FF6A678F9}.Release|Any CPU.ActiveCfg = Release|Any CPU
		{7AC758E7-1F27-4696-A376-EC4FF6A678F9}.Release|Any CPU.Build.0 = Release|Any CPU
		{8BBBAADC-0AF9-43CA-8135-81DF8049F309}.Debug|Any CPU.ActiveCfg = Debug|Any CPU
		{8BBBAADC-0AF9-43CA-8135-81DF8049F309}.Debug|Any CPU.Build.0 = Debug|Any CPU
		{8BBBAADC-0AF9-43CA-8135-81DF8049F309}.Release|Any CPU.ActiveCfg = Release|Any CPU
		{8BBBAADC-0AF9-43CA-8135-81DF8049F309}.Release|Any CPU.Build.0 = Release|Any CPU
	EndGlobalSection
	GlobalSection(SolutionProperties) = preSolution
		HideSolutionNode = FALSE
	EndGlobalSection
	GlobalSection(ExtensibilityGlobals) = postSolution
		SolutionGuid = {1DEB72EE-F075-42F0-AD54-B2D8CF232D95}
	EndGlobalSection
EndGlobal
