
Microsoft Visual Studio Solution File, Format Version 12.00
# Visual Studio Version 16
VisualStudioVersion = 16.0.31005.135
MinimumVisualStudioVersion = 10.0.40219.1
Project("{9A19103F-16F7-4668-BE54-9A1E7A4F7556}") = "HW03.Calculator", "HW03.Calculator\HW03.Calculator.csproj", "{786E05D9-1240-4F88-96CF-1665B9484EF4}"
EndProject
Project("{FAE04EC0-301F-11D3-BF4B-00C04F79EFBC}") = "HW03.Calculator.Static", "HW03.Calculator.Static\HW03.Calculator.Static.csproj", "{02F742E3-865B-46B5-B2EB-C054E08B6DF3}"
EndProject
Global
	GlobalSection(SolutionConfigurationPlatforms) = preSolution
		Debug|Any CPU = Debug|Any CPU
		Release|Any CPU = Release|Any CPU
	EndGlobalSection
	GlobalSection(ProjectConfigurationPlatforms) = postSolution
		{786E05D9-1240-4F88-96CF-1665B9484EF4}.Debug|Any CPU.ActiveCfg = Debug|Any CPU
		{786E05D9-1240-4F88-96CF-1665B9484EF4}.Debug|Any CPU.Build.0 = Debug|Any CPU
		{786E05D9-1240-4F88-96CF-1665B9484EF4}.Release|Any CPU.ActiveCfg = Release|Any CPU
		{786E05D9-1240-4F88-96CF-1665B9484EF4}.Release|Any CPU.Build.0 = Release|Any CPU
		{02F742E3-865B-46B5-B2EB-C054E08B6DF3}.Debug|Any CPU.ActiveCfg = Debug|Any CPU
		{02F742E3-865B-46B5-B2EB-C054E08B6DF3}.Debug|Any CPU.Build.0 = Debug|Any CPU
		{02F742E3-865B-46B5-B2EB-C054E08B6DF3}.Release|Any CPU.ActiveCfg = Release|Any CPU
		{02F742E3-865B-46B5-B2EB-C054E08B6DF3}.Release|Any CPU.Build.0 = Release|Any CPU
	EndGlobalSection
	GlobalSection(SolutionProperties) = preSolution
		HideSolutionNode = FALSE
	EndGlobalSection
	GlobalSection(ExtensibilityGlobals) = postSolution
		SolutionGuid = {E6A5EAB9-A67E-44A8-B87E-F9D7CD1531E5}
	EndGlobalSection
EndGlobal
